
Microsoft Visual Studio Solution File, Format Version 12.00
# Visual Studio 2013
VisualStudioVersion = 12.0.21005.1
MinimumVisualStudioVersion = 10.0.40219.1
Project("{FAE04EC0-301F-11D3-BF4B-00C04F79EFBC}") = "ParcialGrafo", "ParcialGrafo\ParcialGrafo.csproj", "{12638183-4896-4E46-B312-257376DF89EA}"
EndProject
Project("{FAE04EC0-301F-11D3-BF4B-00C04F79EFBC}") = "Grafos", "Grafos\Grafos.csproj", "{FA5945DB-0BC2-4F54-B316-ED677FB9AE12}"
EndProject
Global
	GlobalSection(SolutionConfigurationPlatforms) = preSolution
		Debug|Any CPU = Debug|Any CPU
		Release|Any CPU = Release|Any CPU
	EndGlobalSection
	GlobalSection(ProjectConfigurationPlatforms) = postSolution
		{12638183-4896-4E46-B312-257376DF89EA}.Debug|Any CPU.ActiveCfg = Debug|Any CPU
		{12638183-4896-4E46-B312-257376DF89EA}.Debug|Any CPU.Build.0 = Debug|Any CPU
		{12638183-4896-4E46-B312-257376DF89EA}.Release|Any CPU.ActiveCfg = Release|Any CPU
		{12638183-4896-4E46-B312-257376DF89EA}.Release|Any CPU.Build.0 = Release|Any CPU
		{FA5945DB-0BC2-4F54-B316-ED677FB9AE12}.Debug|Any CPU.ActiveCfg = Debug|Any CPU
		{FA5945DB-0BC2-4F54-B316-ED677FB9AE12}.Debug|Any CPU.Build.0 = Debug|Any CPU
		{FA5945DB-0BC2-4F54-B316-ED677FB9AE12}.Release|Any CPU.ActiveCfg = Release|Any CPU
		{FA5945DB-0BC2-4F54-B316-ED677FB9AE12}.Release|Any CPU.Build.0 = Release|Any CPU
	EndGlobalSection
	GlobalSection(SolutionProperties) = preSolution
		HideSolutionNode = FALSE
	EndGlobalSection
EndGlobal
